<Solution>
  <Folder Name="/Dependencies/">
    <Project Path="libs/PKI/PKI/PKI.csproj" />
    <Project Path="libs/PKI/PKITests/PKITests.csproj" />
  </Folder>
  <Folder Name="/Dependencies/OpenChargingCloud/">
    <Project Path="libs/WWCP_Node/WWCP_Node/WWCP_Node.csproj" />
    <Project Path="libs/WWCP_Node/WWCP_Node_TestKit/WWCP_Node_TestKit.csproj" />
    <Project Path="libs/WWCP_Node/WWCP_Node_Tests/WWCP_Node_Tests.csproj" />
  </Folder>
  <Folder Name="/Dependencies/Vanaheimr/">
    <Project Path="libs/Hermod/Hermod/Hermod.csproj" />
    <Project Path="libs/Hermod/HermodTests/HermodTests.csproj" />
    <Project Path="libs/Styx/Styx/Styx.csproj" />
    <Project Path="libs/Styx/StyxTests/StyxTests.csproj" />
  </Folder>
  <Folder Name="/Dependencies/Vanaheimr/Norn/">
    <Project Path="libs/Norn/Norn/Norn.csproj" />
    <Project Path="libs/Norn/NornTests/NornTests.csproj" />
  </Folder>
  <Folder Name="/Dependencies/Vanaheimr/Urdr/">
    <Project Path="libs/Urdr/Urdr/Urdr.csproj" />
    <Project Path="libs/Urdr/UrdrTests/UrdrTests.csproj" />
  </Folder>
  <Project Path="PKICLI/PKICLI.csproj" />
</Solution>
